// !$*UTF8*$!
{
	archiveVersion = 1;
	classes = {
	};
	objectVersion = 46;
	objects = {

/* Begin PBXGroup section */
		5C51ED481B00520B00B9E7A0 = {
			isa = PBXGroup;
			children = (
			);
			sourceTree = "<group>";
		};
/* End PBXGroup section */

/* Begin PBXProject section */
		5C51ED491B00520B00B9E7A0 /* Project object */ = {
			isa = PBXProject;
			attributes = {
				LastUpgradeCheck = 0630;
			};
			buildConfigurationList = 5C51ED4C1B00520B00B9E7A0 /* Build configuration list for PBXProject "WMLDI" */;
			compatibilityVersion = "Xcode 3.2";
			developmentRegion = English;
			hasScannedForEncodings = 0;
			knownRegions = (
				en,
			);
			mainGroup = 5C51ED481B00520B00B9E7A0;
			projectDirPath = "";
			projectRoot = "";
			targets = (
			);
		};
/* End PBXProject section */

/* Begin XCBuildConfiguration section */
		5C51ED4D1B00520B00B9E7A0 /* Debug */ = {
			isa = XCBuildConfiguration;
			buildSettings = {
			};
			name = Debug;
		};
		5C51ED4E1B00520B00B9E7A0 /* Release */ = {
			isa = XCBuildConfiguration;
			buildSettings = {
			};
			name = Release;
		};
/* End XCBuildConfiguration section */

/* Begin XCConfigurationList section */
		5C51ED4C1B00520B00B9E7A0 /* Build configuration list for PBXProject "WMLDI" */ = {
			isa = XCConfigurationList;
			buildConfigurations = (
				5C51ED4D1B00520B00B9E7A0 /* Debug */,
				5C51ED4E1B00520B00B9E7A0 /* Release */,
			);
			defaultConfigurationIsVisible = 0;
			defaultConfigurationName = Release;
		};
/* End XCConfigurationList section */
	};
	rootObject = 5C51ED491B00520B00B9E7A0 /* Project object */;
}
